{
  "name": "@rbxts/zone-plus",
  "version": "1.0.3",
  "lockfileVersion": 1,
  "requires": true,
  "dependencies": {
    "@rbxts/services": {
      "version": "1.0.4",
      "resolved": "https://registry.npmjs.org/@rbxts/services/-/services-1.0.4.tgz",
      "integrity": "sha512-lvTFr9soI6WQzZDuy1NIWaeI9YrnE0+pK+57MCcBoTcGDfg5EZMVgLGmpVDt0lUqD3UB7Yr++DtYOdPUFQqNGg=="
    },
    "@rbxts/types": {
      "version": "1.0.353",
      "resolved": "https://registry.npmjs.org/@rbxts/types/-/types-1.0.353.tgz",
      "integrity": "sha512-DCTqV7WXwNb64yGghWPwADtGvQKvchc2ymVt19El9IGpp6rF4N8GGmVzyoIbC8NyxNwC9DBwwBfxYzajdCPfeA==",
      "dev": true
    }
  }
}
